{
  "version": 4,
  "terraform_version": "1.1.6",
  "serial": 175,
  "lineage": "2a005848-47e1-e146-eeb3-475e0144b71c",
  "outputs": {
    "EC2_name": {
      "value": [
        [
          {
            "Name": "DockerProjectCPE-VM1"
          },
          {
            "Name": "DockerProjectCPE-VM2"
          },
          {
            "Name": "DockerProjectCPE-VM3"
          }
        ]
      ],
      "type": [
        "tuple",
        [
          [
            "tuple",
            [
              [
                "map",
                "string"
              ],
              [
                "map",
                "string"
              ],
              [
                "map",
                "string"
              ]
            ]
          ]
        ]
      ]
    },
    "EC2_privateIP": {
      "value": [
        [
          "10.150.2.186",
          "10.150.2.50",
          "10.150.2.114"
        ]
      ],
      "type": [
        "tuple",
        [
          [
            "tuple",
            [
              "string",
              "string",
              "string"
            ]
          ]
        ]
      ]
    },
    "default_sg_id": {
      "value": "sg-07843daf727df608b",
      "type": "string"
    },
    "private_subnets_id": {
      "value": [
        [
          "subnet-0a3c44e98d41b1457",
          "subnet-05b90fb24ea863f81"
        ]
      ],
      "type": [
        "tuple",
        [
          [
            "tuple",
            [
              "string",
              "string"
            ]
          ]
        ]
      ]
    },
    "public_route_table": {
      "value": "rtb-05f887918b6041dfb",
      "type": "string"
    },
    "public_subnets_id": {
      "value": [
        [
          "subnet-0eefeb35473ae9299",
          "subnet-0d8cb320257b6df2b"
        ]
      ],
      "type": [
        "tuple",
        [
          [
            "tuple",
            [
              "string",
              "string"
            ]
          ]
        ]
      ]
    },
    "vpc_id": {
      "value": "vpc-0fa8d39b92b2a3c30",
      "type": "string"
    }
  },
  "resources": [
    {
      "mode": "managed",
      "type": "aws_instance",
      "name": "Ansible",
      "provider": "provider[\"registry.terraform.io/hashicorp/aws\"]",
      "instances": [
        {
          "schema_version": 1,
          "attributes": {
            "ami": "ami-08c40ec9ead489470",
            "arn": "arn:aws:ec2:us-east-1:895097617590:instance/i-0f1c85b35ea52c287",
            "associate_public_ip_address": true,
            "availability_zone": "us-east-1b",
            "capacity_reservation_specification": [
              {
                "capacity_reservation_preference": "open",
                "capacity_reservation_target": []
              }
            ],
            "cpu_core_count": 1,
            "cpu_threads_per_core": 1,
            "credit_specification": [
              {
                "cpu_credits": "standard"
              }
            ],
            "disable_api_stop": false,
            "disable_api_termination": false,
            "ebs_block_device": [],
            "ebs_optimized": false,
            "enclave_options": [
              {
                "enabled": false
              }
            ],
            "ephemeral_block_device": [],
            "get_password_data": false,
            "hibernation": false,
            "host_id": null,
            "host_resource_group_arn": null,
            "iam_instance_profile": "",
            "id": "i-0f1c85b35ea52c287",
            "instance_initiated_shutdown_behavior": "stop",
            "instance_state": "running",
            "instance_type": "t2.micro",
            "ipv6_address_count": 0,
            "ipv6_addresses": [],
            "key_name": "vockey",
            "launch_template": [],
            "maintenance_options": [
              {
                "auto_recovery": "default"
              }
            ],
            "metadata_options": [
              {
                "http_endpoint": "enabled",
                "http_put_response_hop_limit": 1,
                "http_tokens": "optional",
                "instance_metadata_tags": "disabled"
              }
            ],
            "monitoring": false,
            "network_interface": [],
            "outpost_arn": "",
            "password_data": "",
            "placement_group": "",
            "placement_partition_number": null,
            "primary_network_interface_id": "eni-08739fa6fad7d0987",
            "private_dns": "ip-10-150-2-54.ec2.internal",
            "private_dns_name_options": [
              {
                "enable_resource_name_dns_a_record": false,
                "enable_resource_name_dns_aaaa_record": false,
                "hostname_type": "ip-name"
              }
            ],
            "private_ip": "10.150.2.54",
            "public_dns": "ec2-3-94-205-147.compute-1.amazonaws.com",
            "public_ip": "3.94.205.147",
            "root_block_device": [
              {
                "delete_on_termination": true,
                "device_name": "/dev/sda1",
                "encrypted": false,
                "iops": 100,
                "kms_key_id": "",
                "tags": {},
                "throughput": 0,
                "volume_id": "vol-0341ed27bbb731d61",
                "volume_size": 8,
                "volume_type": "gp2"
              }
            ],
            "secondary_private_ips": [],
            "security_groups": [],
            "source_dest_check": true,
            "subnet_id": "subnet-0d8cb320257b6df2b",
            "tags": {
              "Name": "Ansible"
            },
            "tags_all": {
              "Name": "Ansible"
            },
            "tenancy": "default",
            "timeouts": null,
            "user_data": null,
            "user_data_base64": null,
            "user_data_replace_on_change": false,
            "volume_tags": null,
            "vpc_security_group_ids": [
              "sg-07843daf727df608b"
            ]
          },
          "sensitive_attributes": [],
          "private": "eyJlMmJmYjczMC1lY2FhLTExZTYtOGY4OC0zNDM2M2JjN2M0YzAiOnsiY3JlYXRlIjo2MDAwMDAwMDAwMDAsImRlbGV0ZSI6MTIwMDAwMDAwMDAwMCwidXBkYXRlIjo2MDAwMDAwMDAwMDB9LCJzY2hlbWFfdmVyc2lvbiI6IjEifQ==",
          "dependencies": [
            "module.Networking.aws_security_group.default",
            "module.Networking.aws_subnet.public_subnet",
            "module.Networking.aws_vpc.vpc"
          ]
        }
      ]
    },
    {
      "module": "module.Multiple_EC2",
      "mode": "managed",
      "type": "aws_instance",
      "name": "EC2",
      "provider": "module.Multiple_EC2.provider[\"registry.terraform.io/hashicorp/aws\"]",
      "instances": [
        {
          "index_key": 0,
          "schema_version": 1,
          "attributes": {
            "ami": "ami-08c40ec9ead489470",
            "arn": "arn:aws:ec2:us-east-1:895097617590:instance/i-0ea38173b7d7288ef",
            "associate_public_ip_address": true,
            "availability_zone": "us-east-1b",
            "capacity_reservation_specification": [
              {
                "capacity_reservation_preference": "open",
                "capacity_reservation_target": []
              }
            ],
            "cpu_core_count": 1,
            "cpu_threads_per_core": 1,
            "credit_specification": [
              {
                "cpu_credits": "standard"
              }
            ],
            "disable_api_stop": false,
            "disable_api_termination": false,
            "ebs_block_device": [],
            "ebs_optimized": false,
            "enclave_options": [
              {
                "enabled": false
              }
            ],
            "ephemeral_block_device": [],
            "get_password_data": false,
            "hibernation": false,
            "host_id": null,
            "host_resource_group_arn": null,
            "iam_instance_profile": "",
            "id": "i-0ea38173b7d7288ef",
            "instance_initiated_shutdown_behavior": "stop",
            "instance_state": "running",
            "instance_type": "t2.micro",
            "ipv6_address_count": 0,
            "ipv6_addresses": [],
            "key_name": "vockey",
            "launch_template": [],
            "maintenance_options": [
              {
                "auto_recovery": "default"
              }
            ],
            "metadata_options": [
              {
                "http_endpoint": "enabled",
                "http_put_response_hop_limit": 1,
                "http_tokens": "optional",
                "instance_metadata_tags": "disabled"
              }
            ],
            "monitoring": false,
            "network_interface": [],
            "outpost_arn": "",
            "password_data": "",
            "placement_group": "",
            "placement_partition_number": null,
            "primary_network_interface_id": "eni-08782ce247298ee42",
            "private_dns": "ip-10-150-2-186.ec2.internal",
            "private_dns_name_options": [
              {
                "enable_resource_name_dns_a_record": false,
                "enable_resource_name_dns_aaaa_record": false,
                "hostname_type": "ip-name"
              }
            ],
            "private_ip": "10.150.2.186",
            "public_dns": "ec2-34-204-96-218.compute-1.amazonaws.com",
            "public_ip": "34.204.96.218",
            "root_block_device": [
              {
                "delete_on_termination": true,
                "device_name": "/dev/sda1",
                "encrypted": false,
                "iops": 100,
                "kms_key_id": "",
                "tags": {},
                "throughput": 0,
                "volume_id": "vol-0a8a8bc8306ad6163",
                "volume_size": 8,
                "volume_type": "gp2"
              }
            ],
            "secondary_private_ips": [],
            "security_groups": [],
            "source_dest_check": true,
            "subnet_id": "subnet-0d8cb320257b6df2b",
            "tags": {
              "Name": "DockerProjectCPE-VM1"
            },
            "tags_all": {
              "Name": "DockerProjectCPE-VM1"
            },
            "tenancy": "default",
            "timeouts": null,
            "user_data": null,
            "user_data_base64": null,
            "user_data_replace_on_change": false,
            "volume_tags": null,
            "vpc_security_group_ids": [
              "sg-07843daf727df608b"
            ]
          },
          "sensitive_attributes": [],
          "private": "eyJlMmJmYjczMC1lY2FhLTExZTYtOGY4OC0zNDM2M2JjN2M0YzAiOnsiY3JlYXRlIjo2MDAwMDAwMDAwMDAsImRlbGV0ZSI6MTIwMDAwMDAwMDAwMCwidXBkYXRlIjo2MDAwMDAwMDAwMDB9LCJzY2hlbWFfdmVyc2lvbiI6IjEifQ==",
          "dependencies": [
            "module.Networking.aws_security_group.default",
            "module.Networking.aws_subnet.public_subnet",
            "module.Networking.aws_vpc.vpc"
          ]
        },
        {
          "index_key": 1,
          "schema_version": 1,
          "attributes": {
            "ami": "ami-08c40ec9ead489470",
            "arn": "arn:aws:ec2:us-east-1:895097617590:instance/i-0bafff45f643d17b2",
            "associate_public_ip_address": true,
            "availability_zone": "us-east-1b",
            "capacity_reservation_specification": [
              {
                "capacity_reservation_preference": "open",
                "capacity_reservation_target": []
              }
            ],
            "cpu_core_count": 1,
            "cpu_threads_per_core": 1,
            "credit_specification": [
              {
                "cpu_credits": "standard"
              }
            ],
            "disable_api_stop": false,
            "disable_api_termination": false,
            "ebs_block_device": [],
            "ebs_optimized": false,
            "enclave_options": [
              {
                "enabled": false
              }
            ],
            "ephemeral_block_device": [],
            "get_password_data": false,
            "hibernation": false,
            "host_id": null,
            "host_resource_group_arn": null,
            "iam_instance_profile": "",
            "id": "i-0bafff45f643d17b2",
            "instance_initiated_shutdown_behavior": "stop",
            "instance_state": "running",
            "instance_type": "t2.micro",
            "ipv6_address_count": 0,
            "ipv6_addresses": [],
            "key_name": "vockey",
            "launch_template": [],
            "maintenance_options": [
              {
                "auto_recovery": "default"
              }
            ],
            "metadata_options": [
              {
                "http_endpoint": "enabled",
                "http_put_response_hop_limit": 1,
                "http_tokens": "optional",
                "instance_metadata_tags": "disabled"
              }
            ],
            "monitoring": false,
            "network_interface": [],
            "outpost_arn": "",
            "password_data": "",
            "placement_group": "",
            "placement_partition_number": null,
            "primary_network_interface_id": "eni-083a70d47c2e051e0",
            "private_dns": "ip-10-150-2-50.ec2.internal",
            "private_dns_name_options": [
              {
                "enable_resource_name_dns_a_record": false,
                "enable_resource_name_dns_aaaa_record": false,
                "hostname_type": "ip-name"
              }
            ],
            "private_ip": "10.150.2.50",
            "public_dns": "ec2-3-89-84-119.compute-1.amazonaws.com",
            "public_ip": "3.89.84.119",
            "root_block_device": [
              {
                "delete_on_termination": true,
                "device_name": "/dev/sda1",
                "encrypted": false,
                "iops": 100,
                "kms_key_id": "",
                "tags": {},
                "throughput": 0,
                "volume_id": "vol-02420f8641e045887",
                "volume_size": 8,
                "volume_type": "gp2"
              }
            ],
            "secondary_private_ips": [],
            "security_groups": [],
            "source_dest_check": true,
            "subnet_id": "subnet-0d8cb320257b6df2b",
            "tags": {
              "Name": "DockerProjectCPE-VM2"
            },
            "tags_all": {
              "Name": "DockerProjectCPE-VM2"
            },
            "tenancy": "default",
            "timeouts": null,
            "user_data": null,
            "user_data_base64": null,
            "user_data_replace_on_change": false,
            "volume_tags": null,
            "vpc_security_group_ids": [
              "sg-07843daf727df608b"
            ]
          },
          "sensitive_attributes": [],
          "private": "eyJlMmJmYjczMC1lY2FhLTExZTYtOGY4OC0zNDM2M2JjN2M0YzAiOnsiY3JlYXRlIjo2MDAwMDAwMDAwMDAsImRlbGV0ZSI6MTIwMDAwMDAwMDAwMCwidXBkYXRlIjo2MDAwMDAwMDAwMDB9LCJzY2hlbWFfdmVyc2lvbiI6IjEifQ==",
          "dependencies": [
            "module.Networking.aws_security_group.default",
            "module.Networking.aws_subnet.public_subnet",
            "module.Networking.aws_vpc.vpc"
          ]
        },
        {
          "index_key": 2,
          "schema_version": 1,
          "attributes": {
            "ami": "ami-08c40ec9ead489470",
            "arn": "arn:aws:ec2:us-east-1:895097617590:instance/i-0d6fd328658b9a3f9",
            "associate_public_ip_address": true,
            "availability_zone": "us-east-1b",
            "capacity_reservation_specification": [
              {
                "capacity_reservation_preference": "open",
                "capacity_reservation_target": []
              }
            ],
            "cpu_core_count": 1,
            "cpu_threads_per_core": 1,
            "credit_specification": [
              {
                "cpu_credits": "standard"
              }
            ],
            "disable_api_stop": false,
            "disable_api_termination": false,
            "ebs_block_device": [],
            "ebs_optimized": false,
            "enclave_options": [
              {
                "enabled": false
              }
            ],
            "ephemeral_block_device": [],
            "get_password_data": false,
            "hibernation": false,
            "host_id": null,
            "host_resource_group_arn": null,
            "iam_instance_profile": "",
            "id": "i-0d6fd328658b9a3f9",
            "instance_initiated_shutdown_behavior": "stop",
            "instance_state": "running",
            "instance_type": "t2.micro",
            "ipv6_address_count": 0,
            "ipv6_addresses": [],
            "key_name": "vockey",
            "launch_template": [],
            "maintenance_options": [
              {
                "auto_recovery": "default"
              }
            ],
            "metadata_options": [
              {
                "http_endpoint": "enabled",
                "http_put_response_hop_limit": 1,
                "http_tokens": "optional",
                "instance_metadata_tags": "disabled"
              }
            ],
            "monitoring": false,
            "network_interface": [],
            "outpost_arn": "",
            "password_data": "",
            "placement_group": "",
            "placement_partition_number": null,
            "primary_network_interface_id": "eni-0850b2ee59926aa58",
            "private_dns": "ip-10-150-2-114.ec2.internal",
            "private_dns_name_options": [
              {
                "enable_resource_name_dns_a_record": false,
                "enable_resource_name_dns_aaaa_record": false,
                "hostname_type": "ip-name"
              }
            ],
            "private_ip": "10.150.2.114",
            "public_dns": "ec2-18-212-151-155.compute-1.amazonaws.com",
            "public_ip": "18.212.151.155",
            "root_block_device": [
              {
                "delete_on_termination": true,
                "device_name": "/dev/sda1",
                "encrypted": false,
                "iops": 100,
                "kms_key_id": "",
                "tags": {},
                "throughput": 0,
                "volume_id": "vol-0156c2949f388e1fc",
                "volume_size": 8,
                "volume_type": "gp2"
              }
            ],
            "secondary_private_ips": [],
            "security_groups": [],
            "source_dest_check": true,
            "subnet_id": "subnet-0d8cb320257b6df2b",
            "tags": {
              "Name": "DockerProjectCPE-VM3"
            },
            "tags_all": {
              "Name": "DockerProjectCPE-VM3"
            },
            "tenancy": "default",
            "timeouts": null,
            "user_data": null,
            "user_data_base64": null,
            "user_data_replace_on_change": false,
            "volume_tags": null,
            "vpc_security_group_ids": [
              "sg-07843daf727df608b"
            ]
          },
          "sensitive_attributes": [],
          "private": "eyJlMmJmYjczMC1lY2FhLTExZTYtOGY4OC0zNDM2M2JjN2M0YzAiOnsiY3JlYXRlIjo2MDAwMDAwMDAwMDAsImRlbGV0ZSI6MTIwMDAwMDAwMDAwMCwidXBkYXRlIjo2MDAwMDAwMDAwMDB9LCJzY2hlbWFfdmVyc2lvbiI6IjEifQ==",
          "dependencies": [
            "module.Networking.aws_security_group.default",
            "module.Networking.aws_subnet.public_subnet",
            "module.Networking.aws_vpc.vpc"
          ]
        }
      ]
    },
    {
      "module": "module.Networking",
      "mode": "managed",
      "type": "aws_eip",
      "name": "nat_eip",
      "provider": "module.Networking.provider[\"registry.terraform.io/hashicorp/aws\"]",
      "instances": [
        {
          "schema_version": 0,
          "attributes": {
            "address": null,
            "allocation_id": "eipalloc-0f275c12e509d50c0",
            "associate_with_private_ip": null,
            "association_id": "",
            "carrier_ip": "",
            "customer_owned_ip": "",
            "customer_owned_ipv4_pool": "",
            "domain": "vpc",
            "id": "eipalloc-0f275c12e509d50c0",
            "instance": "",
            "network_border_group": "us-east-1",
            "network_interface": "",
            "private_dns": null,
            "private_ip": "",
            "public_dns": "ec2-52-0-207-252.compute-1.amazonaws.com",
            "public_ip": "52.0.207.252",
            "public_ipv4_pool": "amazon",
            "tags": null,
            "tags_all": {},
            "timeouts": null,
            "vpc": true
          },
          "sensitive_attributes": [],
          "private": "eyJlMmJmYjczMC1lY2FhLTExZTYtOGY4OC0zNDM2M2JjN2M0YzAiOnsiZGVsZXRlIjoxODAwMDAwMDAwMDAsInJlYWQiOjkwMDAwMDAwMDAwMCwidXBkYXRlIjozMDAwMDAwMDAwMDB9fQ==",
          "dependencies": [
            "module.Networking.aws_internet_gateway.ig",
            "module.Networking.aws_vpc.vpc"
          ]
        }
      ]
    },
    {
      "module": "module.Networking",
      "mode": "managed",
      "type": "aws_internet_gateway",
      "name": "ig",
      "provider": "module.Networking.provider[\"registry.terraform.io/hashicorp/aws\"]",
      "instances": [
        {
          "schema_version": 0,
          "attributes": {
            "arn": "arn:aws:ec2:us-east-1:895097617590:internet-gateway/igw-0e6f0d28eb23905ea",
            "id": "igw-0e6f0d28eb23905ea",
            "owner_id": "895097617590",
            "tags": {
              "Environment": "DockerProject-CPE",
              "Name": "DockerProject-CPE-igw"
            },
            "tags_all": {
              "Environment": "DockerProject-CPE",
              "Name": "DockerProject-CPE-igw"
            },
            "timeouts": null,
            "vpc_id": "vpc-0fa8d39b92b2a3c30"
          },
          "sensitive_attributes": [],
          "private": "eyJlMmJmYjczMC1lY2FhLTExZTYtOGY4OC0zNDM2M2JjN2M0YzAiOnsiY3JlYXRlIjoxMjAwMDAwMDAwMDAwLCJkZWxldGUiOjEyMDAwMDAwMDAwMDAsInVwZGF0ZSI6MTIwMDAwMDAwMDAwMH19",
          "dependencies": [
            "module.Networking.aws_vpc.vpc"
          ]
        }
      ]
    },
    {
      "module": "module.Networking",
      "mode": "managed",
      "type": "aws_nat_gateway",
      "name": "nat",
      "provider": "module.Networking.provider[\"registry.terraform.io/hashicorp/aws\"]",
      "instances": [
        {
          "schema_version": 0,
          "attributes": {
            "allocation_id": "eipalloc-0f275c12e509d50c0",
            "connectivity_type": "public",
            "id": "nat-0a1ff6c4c32237561",
            "network_interface_id": "eni-0a623c8f80523ec6c",
            "private_ip": "10.150.1.194",
            "public_ip": "52.0.207.252",
            "subnet_id": "subnet-0eefeb35473ae9299",
            "tags": {
              "Environment": "DockerProject-CPE",
              "Name": "nat"
            },
            "tags_all": {
              "Environment": "DockerProject-CPE",
              "Name": "nat"
            }
          },
          "sensitive_attributes": [],
          "private": "bnVsbA==",
          "dependencies": [
            "module.Networking.aws_eip.nat_eip",
            "module.Networking.aws_internet_gateway.ig",
            "module.Networking.aws_subnet.public_subnet",
            "module.Networking.aws_vpc.vpc"
          ]
        }
      ]
    },
    {
      "module": "module.Networking",
      "mode": "managed",
      "type": "aws_route",
      "name": "private_nat_gateway",
      "provider": "module.Networking.provider[\"registry.terraform.io/hashicorp/aws\"]",
      "instances": [
        {
          "schema_version": 0,
          "attributes": {
            "carrier_gateway_id": "",
            "core_network_arn": "",
            "destination_cidr_block": "0.0.0.0/0",
            "destination_ipv6_cidr_block": "",
            "destination_prefix_list_id": "",
            "egress_only_gateway_id": "",
            "gateway_id": "",
            "id": "r-rtb-01bdb1027e4993e8e1080289494",
            "instance_id": "",
            "instance_owner_id": "",
            "local_gateway_id": "",
            "nat_gateway_id": "nat-0a1ff6c4c32237561",
            "network_interface_id": "",
            "origin": "CreateRoute",
            "route_table_id": "rtb-01bdb1027e4993e8e",
            "state": "active",
            "timeouts": null,
            "transit_gateway_id": "",
            "vpc_endpoint_id": "",
            "vpc_peering_connection_id": ""
          },
          "sensitive_attributes": [],
          "private": "eyJlMmJmYjczMC1lY2FhLTExZTYtOGY4OC0zNDM2M2JjN2M0YzAiOnsiY3JlYXRlIjozMDAwMDAwMDAwMDAsImRlbGV0ZSI6MzAwMDAwMDAwMDAwLCJ1cGRhdGUiOjEyMDAwMDAwMDAwMH19",
          "dependencies": [
            "module.Networking.aws_eip.nat_eip",
            "module.Networking.aws_internet_gateway.ig",
            "module.Networking.aws_nat_gateway.nat",
            "module.Networking.aws_route_table.private",
            "module.Networking.aws_subnet.public_subnet",
            "module.Networking.aws_vpc.vpc"
          ]
        }
      ]
    },
    {
      "module": "module.Networking",
      "mode": "managed",
      "type": "aws_route",
      "name": "public_internet_gateway",
      "provider": "module.Networking.provider[\"registry.terraform.io/hashicorp/aws\"]",
      "instances": [
        {
          "schema_version": 0,
          "attributes": {
            "carrier_gateway_id": "",
            "core_network_arn": "",
            "destination_cidr_block": "0.0.0.0/0",
            "destination_ipv6_cidr_block": "",
            "destination_prefix_list_id": "",
            "egress_only_gateway_id": "",
            "gateway_id": "igw-0e6f0d28eb23905ea",
            "id": "r-rtb-05f887918b6041dfb1080289494",
            "instance_id": "",
            "instance_owner_id": "",
            "local_gateway_id": "",
            "nat_gateway_id": "",
            "network_interface_id": "",
            "origin": "CreateRoute",
            "route_table_id": "rtb-05f887918b6041dfb",
            "state": "active",
            "timeouts": null,
            "transit_gateway_id": "",
            "vpc_endpoint_id": "",
            "vpc_peering_connection_id": ""
          },
          "sensitive_attributes": [],
          "private": "eyJlMmJmYjczMC1lY2FhLTExZTYtOGY4OC0zNDM2M2JjN2M0YzAiOnsiY3JlYXRlIjozMDAwMDAwMDAwMDAsImRlbGV0ZSI6MzAwMDAwMDAwMDAwLCJ1cGRhdGUiOjEyMDAwMDAwMDAwMH19",
          "dependencies": [
            "module.Networking.aws_internet_gateway.ig",
            "module.Networking.aws_route_table.public",
            "module.Networking.aws_vpc.vpc"
          ]
        }
      ]
    },
    {
      "module": "module.Networking",
      "mode": "managed",
      "type": "aws_route_table",
      "name": "private",
      "provider": "module.Networking.provider[\"registry.terraform.io/hashicorp/aws\"]",
      "instances": [
        {
          "schema_version": 0,
          "attributes": {
            "arn": "arn:aws:ec2:us-east-1:895097617590:route-table/rtb-01bdb1027e4993e8e",
            "id": "rtb-01bdb1027e4993e8e",
            "owner_id": "895097617590",
            "propagating_vgws": [],
            "route": [],
            "tags": {
              "Environment": "DockerProject-CPE",
              "Name": "DockerProject-CPE-private-route-table"
            },
            "tags_all": {
              "Environment": "DockerProject-CPE",
              "Name": "DockerProject-CPE-private-route-table"
            },
            "timeouts": null,
            "vpc_id": "vpc-0fa8d39b92b2a3c30"
          },
          "sensitive_attributes": [],
          "private": "eyJlMmJmYjczMC1lY2FhLTExZTYtOGY4OC0zNDM2M2JjN2M0YzAiOnsiY3JlYXRlIjozMDAwMDAwMDAwMDAsImRlbGV0ZSI6MzAwMDAwMDAwMDAwLCJ1cGRhdGUiOjEyMDAwMDAwMDAwMH19",
          "dependencies": [
            "module.Networking.aws_vpc.vpc"
          ]
        }
      ]
    },
    {
      "module": "module.Networking",
      "mode": "managed",
      "type": "aws_route_table",
      "name": "public",
      "provider": "module.Networking.provider[\"registry.terraform.io/hashicorp/aws\"]",
      "instances": [
        {
          "schema_version": 0,
          "attributes": {
            "arn": "arn:aws:ec2:us-east-1:895097617590:route-table/rtb-05f887918b6041dfb",
            "id": "rtb-05f887918b6041dfb",
            "owner_id": "895097617590",
            "propagating_vgws": [],
            "route": [],
            "tags": {
              "Environment": "DockerProject-CPE",
              "Name": "DockerProject-CPE-public-route-table"
            },
            "tags_all": {
              "Environment": "DockerProject-CPE",
              "Name": "DockerProject-CPE-public-route-table"
            },
            "timeouts": null,
            "vpc_id": "vpc-0fa8d39b92b2a3c30"
          },
          "sensitive_attributes": [],
          "private": "eyJlMmJmYjczMC1lY2FhLTExZTYtOGY4OC0zNDM2M2JjN2M0YzAiOnsiY3JlYXRlIjozMDAwMDAwMDAwMDAsImRlbGV0ZSI6MzAwMDAwMDAwMDAwLCJ1cGRhdGUiOjEyMDAwMDAwMDAwMH19",
          "dependencies": [
            "module.Networking.aws_vpc.vpc"
          ]
        }
      ]
    },
    {
      "module": "module.Networking",
      "mode": "managed",
      "type": "aws_route_table_association",
      "name": "private",
      "provider": "module.Networking.provider[\"registry.terraform.io/hashicorp/aws\"]",
      "instances": [
        {
          "index_key": 0,
          "schema_version": 0,
          "attributes": {
            "gateway_id": "",
            "id": "rtbassoc-0e4526826a2af4057",
            "route_table_id": "rtb-01bdb1027e4993e8e",
            "subnet_id": "subnet-0a3c44e98d41b1457"
          },
          "sensitive_attributes": [],
          "private": "bnVsbA==",
          "dependencies": [
            "module.Networking.aws_route_table.private",
            "module.Networking.aws_subnet.private_subnet",
            "module.Networking.aws_vpc.vpc"
          ]
        },
        {
          "index_key": 1,
          "schema_version": 0,
          "attributes": {
            "gateway_id": "",
            "id": "rtbassoc-0ef2930dac238290c",
            "route_table_id": "rtb-01bdb1027e4993e8e",
            "subnet_id": "subnet-05b90fb24ea863f81"
          },
          "sensitive_attributes": [],
          "private": "bnVsbA==",
          "dependencies": [
            "module.Networking.aws_route_table.private",
            "module.Networking.aws_subnet.private_subnet",
            "module.Networking.aws_vpc.vpc"
          ]
        }
      ]
    },
    {
      "module": "module.Networking",
      "mode": "managed",
      "type": "aws_route_table_association",
      "name": "public",
      "provider": "module.Networking.provider[\"registry.terraform.io/hashicorp/aws\"]",
      "instances": [
        {
          "index_key": 0,
          "schema_version": 0,
          "attributes": {
            "gateway_id": "",
            "id": "rtbassoc-0432ef90003a5baeb",
            "route_table_id": "rtb-05f887918b6041dfb",
            "subnet_id": "subnet-0eefeb35473ae9299"
          },
          "sensitive_attributes": [],
          "private": "bnVsbA==",
          "dependencies": [
            "module.Networking.aws_route_table.public",
            "module.Networking.aws_subnet.public_subnet",
            "module.Networking.aws_vpc.vpc"
          ]
        },
        {
          "index_key": 1,
          "schema_version": 0,
          "attributes": {
            "gateway_id": "",
            "id": "rtbassoc-0863189f107c8e6a3",
            "route_table_id": "rtb-05f887918b6041dfb",
            "subnet_id": "subnet-0d8cb320257b6df2b"
          },
          "sensitive_attributes": [],
          "private": "bnVsbA==",
          "dependencies": [
            "module.Networking.aws_route_table.public",
            "module.Networking.aws_subnet.public_subnet",
            "module.Networking.aws_vpc.vpc"
          ]
        }
      ]
    },
    {
      "module": "module.Networking",
      "mode": "managed",
      "type": "aws_security_group",
      "name": "default",
      "provider": "module.Networking.provider[\"registry.terraform.io/hashicorp/aws\"]",
      "instances": [
        {
          "schema_version": 1,
          "attributes": {
            "arn": "arn:aws:ec2:us-east-1:895097617590:security-group/sg-07843daf727df608b",
            "description": "Default SG to alllow traffic",
            "egress": [
              {
                "cidr_blocks": [],
                "description": "",
                "from_port": 0,
                "ipv6_cidr_blocks": [],
                "prefix_list_ids": [],
                "protocol": "-1",
                "security_groups": [],
                "self": true,
                "to_port": 0
              }
            ],
            "id": "sg-07843daf727df608b",
            "ingress": [
              {
                "cidr_blocks": [],
                "description": "",
                "from_port": 0,
                "ipv6_cidr_blocks": [],
                "prefix_list_ids": [],
                "protocol": "-1",
                "security_groups": [],
                "self": true,
                "to_port": 0
              }
            ],
            "name": "DockerProject-CPE-default-sg",
            "name_prefix": "",
            "owner_id": "895097617590",
            "revoke_rules_on_delete": false,
            "tags": {
              "Author": "Antoine Sterna",
              "Environment": "DockerProject-CPE"
            },
            "tags_all": {
              "Author": "Antoine Sterna",
              "Environment": "DockerProject-CPE"
            },
            "timeouts": null,
            "vpc_id": "vpc-0fa8d39b92b2a3c30"
          },
          "sensitive_attributes": [],
          "private": "eyJlMmJmYjczMC1lY2FhLTExZTYtOGY4OC0zNDM2M2JjN2M0YzAiOnsiY3JlYXRlIjo2MDAwMDAwMDAwMDAsImRlbGV0ZSI6OTAwMDAwMDAwMDAwfSwic2NoZW1hX3ZlcnNpb24iOiIxIn0=",
          "dependencies": [
            "module.Networking.aws_vpc.vpc"
          ]
        }
      ]
    },
    {
      "module": "module.Networking",
      "mode": "managed",
      "type": "aws_subnet",
      "name": "private_subnet",
      "provider": "module.Networking.provider[\"registry.terraform.io/hashicorp/aws\"]",
      "instances": [
        {
          "index_key": 0,
          "schema_version": 1,
          "attributes": {
            "arn": "arn:aws:ec2:us-east-1:895097617590:subnet/subnet-0a3c44e98d41b1457",
            "assign_ipv6_address_on_creation": false,
            "availability_zone": "us-east-1a",
            "availability_zone_id": "use1-az4",
            "cidr_block": "10.150.100.0/24",
            "customer_owned_ipv4_pool": "",
            "enable_dns64": false,
            "enable_resource_name_dns_a_record_on_launch": false,
            "enable_resource_name_dns_aaaa_record_on_launch": false,
            "id": "subnet-0a3c44e98d41b1457",
            "ipv6_cidr_block": "",
            "ipv6_cidr_block_association_id": "",
            "ipv6_native": false,
            "map_customer_owned_ip_on_launch": false,
            "map_public_ip_on_launch": false,
            "outpost_arn": "",
            "owner_id": "895097617590",
            "private_dns_hostname_type_on_launch": "ip-name",
            "tags": {
              "Environment": "DockerProject-CPE",
              "Name": "DockerProject-CPE-us-east-1a-private-subnet"
            },
            "tags_all": {
              "Environment": "DockerProject-CPE",
              "Name": "DockerProject-CPE-us-east-1a-private-subnet"
            },
            "timeouts": null,
            "vpc_id": "vpc-0fa8d39b92b2a3c30"
          },
          "sensitive_attributes": [],
          "private": "eyJlMmJmYjczMC1lY2FhLTExZTYtOGY4OC0zNDM2M2JjN2M0YzAiOnsiY3JlYXRlIjo2MDAwMDAwMDAwMDAsImRlbGV0ZSI6MTIwMDAwMDAwMDAwMH0sInNjaGVtYV92ZXJzaW9uIjoiMSJ9",
          "dependencies": [
            "module.Networking.aws_vpc.vpc"
          ]
        },
        {
          "index_key": 1,
          "schema_version": 1,
          "attributes": {
            "arn": "arn:aws:ec2:us-east-1:895097617590:subnet/subnet-05b90fb24ea863f81",
            "assign_ipv6_address_on_creation": false,
            "availability_zone": "us-east-1b",
            "availability_zone_id": "use1-az6",
            "cidr_block": "10.150.200.0/24",
            "customer_owned_ipv4_pool": "",
            "enable_dns64": false,
            "enable_resource_name_dns_a_record_on_launch": false,
            "enable_resource_name_dns_aaaa_record_on_launch": false,
            "id": "subnet-05b90fb24ea863f81",
            "ipv6_cidr_block": "",
            "ipv6_cidr_block_association_id": "",
            "ipv6_native": false,
            "map_customer_owned_ip_on_launch": false,
            "map_public_ip_on_launch": false,
            "outpost_arn": "",
            "owner_id": "895097617590",
            "private_dns_hostname_type_on_launch": "ip-name",
            "tags": {
              "Environment": "DockerProject-CPE",
              "Name": "DockerProject-CPE-us-east-1b-private-subnet"
            },
            "tags_all": {
              "Environment": "DockerProject-CPE",
              "Name": "DockerProject-CPE-us-east-1b-private-subnet"
            },
            "timeouts": null,
            "vpc_id": "vpc-0fa8d39b92b2a3c30"
          },
          "sensitive_attributes": [],
          "private": "eyJlMmJmYjczMC1lY2FhLTExZTYtOGY4OC0zNDM2M2JjN2M0YzAiOnsiY3JlYXRlIjo2MDAwMDAwMDAwMDAsImRlbGV0ZSI6MTIwMDAwMDAwMDAwMH0sInNjaGVtYV92ZXJzaW9uIjoiMSJ9",
          "dependencies": [
            "module.Networking.aws_vpc.vpc"
          ]
        }
      ]
    },
    {
      "module": "module.Networking",
      "mode": "managed",
      "type": "aws_subnet",
      "name": "public_subnet",
      "provider": "module.Networking.provider[\"registry.terraform.io/hashicorp/aws\"]",
      "instances": [
        {
          "index_key": 0,
          "schema_version": 1,
          "attributes": {
            "arn": "arn:aws:ec2:us-east-1:895097617590:subnet/subnet-0eefeb35473ae9299",
            "assign_ipv6_address_on_creation": false,
            "availability_zone": "us-east-1a",
            "availability_zone_id": "use1-az4",
            "cidr_block": "10.150.1.0/24",
            "customer_owned_ipv4_pool": "",
            "enable_dns64": false,
            "enable_resource_name_dns_a_record_on_launch": false,
            "enable_resource_name_dns_aaaa_record_on_launch": false,
            "id": "subnet-0eefeb35473ae9299",
            "ipv6_cidr_block": "",
            "ipv6_cidr_block_association_id": "",
            "ipv6_native": false,
            "map_customer_owned_ip_on_launch": false,
            "map_public_ip_on_launch": true,
            "outpost_arn": "",
            "owner_id": "895097617590",
            "private_dns_hostname_type_on_launch": "ip-name",
            "tags": {
              "Environment": "DockerProject-CPE",
              "Name": "DockerProject-CPE-us-east-1a-public-subnet"
            },
            "tags_all": {
              "Environment": "DockerProject-CPE",
              "Name": "DockerProject-CPE-us-east-1a-public-subnet"
            },
            "timeouts": null,
            "vpc_id": "vpc-0fa8d39b92b2a3c30"
          },
          "sensitive_attributes": [],
          "private": "eyJlMmJmYjczMC1lY2FhLTExZTYtOGY4OC0zNDM2M2JjN2M0YzAiOnsiY3JlYXRlIjo2MDAwMDAwMDAwMDAsImRlbGV0ZSI6MTIwMDAwMDAwMDAwMH0sInNjaGVtYV92ZXJzaW9uIjoiMSJ9",
          "dependencies": [
            "module.Networking.aws_vpc.vpc"
          ]
        },
        {
          "index_key": 1,
          "schema_version": 1,
          "attributes": {
            "arn": "arn:aws:ec2:us-east-1:895097617590:subnet/subnet-0d8cb320257b6df2b",
            "assign_ipv6_address_on_creation": false,
            "availability_zone": "us-east-1b",
            "availability_zone_id": "use1-az6",
            "cidr_block": "10.150.2.0/24",
            "customer_owned_ipv4_pool": "",
            "enable_dns64": false,
            "enable_resource_name_dns_a_record_on_launch": false,
            "enable_resource_name_dns_aaaa_record_on_launch": false,
            "id": "subnet-0d8cb320257b6df2b",
            "ipv6_cidr_block": "",
            "ipv6_cidr_block_association_id": "",
            "ipv6_native": false,
            "map_customer_owned_ip_on_launch": false,
            "map_public_ip_on_launch": true,
            "outpost_arn": "",
            "owner_id": "895097617590",
            "private_dns_hostname_type_on_launch": "ip-name",
            "tags": {
              "Environment": "DockerProject-CPE",
              "Name": "DockerProject-CPE-us-east-1b-public-subnet"
            },
            "tags_all": {
              "Environment": "DockerProject-CPE",
              "Name": "DockerProject-CPE-us-east-1b-public-subnet"
            },
            "timeouts": null,
            "vpc_id": "vpc-0fa8d39b92b2a3c30"
          },
          "sensitive_attributes": [],
          "private": "eyJlMmJmYjczMC1lY2FhLTExZTYtOGY4OC0zNDM2M2JjN2M0YzAiOnsiY3JlYXRlIjo2MDAwMDAwMDAwMDAsImRlbGV0ZSI6MTIwMDAwMDAwMDAwMH0sInNjaGVtYV92ZXJzaW9uIjoiMSJ9",
          "dependencies": [
            "module.Networking.aws_vpc.vpc"
          ]
        }
      ]
    },
    {
      "module": "module.Networking",
      "mode": "managed",
      "type": "aws_vpc",
      "name": "vpc",
      "provider": "module.Networking.provider[\"registry.terraform.io/hashicorp/aws\"]",
      "instances": [
        {
          "schema_version": 1,
          "attributes": {
            "arn": "arn:aws:ec2:us-east-1:895097617590:vpc/vpc-0fa8d39b92b2a3c30",
            "assign_generated_ipv6_cidr_block": false,
            "cidr_block": "10.150.0.0/16",
            "default_network_acl_id": "acl-023db7b6766fbac8b",
            "default_route_table_id": "rtb-07e821e96913585ce",
            "default_security_group_id": "sg-05c0d306bce27c871",
            "dhcp_options_id": "dopt-06ae71b63e99ce75e",
            "enable_classiclink": false,
            "enable_classiclink_dns_support": false,
            "enable_dns_hostnames": true,
            "enable_dns_support": true,
            "enable_network_address_usage_metrics": false,
            "id": "vpc-0fa8d39b92b2a3c30",
            "instance_tenancy": "default",
            "ipv4_ipam_pool_id": null,
            "ipv4_netmask_length": null,
            "ipv6_association_id": "",
            "ipv6_cidr_block": "",
            "ipv6_cidr_block_network_border_group": "",
            "ipv6_ipam_pool_id": "",
            "ipv6_netmask_length": 0,
            "main_route_table_id": "rtb-07e821e96913585ce",
            "owner_id": "895097617590",
            "tags": {
              "Environment": "DockerProject-CPE",
              "Name": "DockerProject-CPE-vpc"
            },
            "tags_all": {
              "Environment": "DockerProject-CPE",
              "Name": "DockerProject-CPE-vpc"
            }
          },
          "sensitive_attributes": [],
          "private": "eyJzY2hlbWFfdmVyc2lvbiI6IjEifQ=="
        }
      ]
    }
  ]
}
